# This file is automatically @generated by Cargo.
# It is not intended for manual editing.
version = 4

[[package]]
name = "autocfg"
version = "1.4.0"
source = "registry+https://github.com/rust-lang/crates.io-index"
checksum = "ace50bade8e6234aa140d9a2f552bbee1db4d353f69b8217bc503490fc1a9f26"

[[package]]
name = "btree-slab"
version = "0.6.1"
source = "git+https://github.com/ickk/btree-slab2?rev=8c707ad#8c707ad18bdf1e5632e33956632e4f08bb8da4cf"
dependencies = [
 "cc-traits",
 "slab",
 "smallvec",
]

[[package]]
name = "cc-traits"
version = "2.0.0"
source = "registry+https://github.com/rust-lang/crates.io-index"
checksum = "060303ef31ef4a522737e1b1ab68c67916f2a787bb2f4f54f383279adba962b5"
dependencies = [
 "slab",
]

[[package]]
name = "orderly-allocator"
version = "0.2.2"
dependencies = [
 "btree-slab",
]

[[package]]
name = "slab"
version = "0.4.9"
source = "registry+https://github.com/rust-lang/crates.io-index"
checksum = "8f92a496fb766b417c996b9c5e57daf2f7ad3b0bebe1ccfca4856390e3d3bb67"
dependencies = [
 "autocfg",
]

[[package]]
name = "smallvec"
version = "1.13.2"
source = "registry+https://github.com/rust-lang/crates.io-index"
checksum = "3c5e1a9a646d36c3599cd173a41282daf47c44583ad367b8e6837255952e5c67"
